
Microsoft Visual Studio Solution File, Format Version 12.00
# Visual Studio Version 17
VisualStudioVersion = 17.14.36623.8 d17.14
MinimumVisualStudioVersion = 10.0.40219.1
Project("{FAE04EC0-301F-11D3-BF4B-00C04F79EFBC}") = "Calculator", "Calculator\Calculator.csproj", "{AB661B1E-94DB-409F-B881-CDD6553CFD31}"
EndProject
Project("{FAE04EC0-301F-11D3-BF4B-00C04F79EFBC}") = "CalculatorTests", "CalculatorTests\CalculatorTests.csproj", "{5D4B7858-4933-4015-8765-89023089DDDC}"
EndProject
Global
	GlobalSection(SolutionConfigurationPlatforms) = preSolution
		Debug|Any CPU = Debug|Any CPU
		Release|Any CPU = Release|Any CPU
	EndGlobalSection
	GlobalSection(ProjectConfigurationPlatforms) = postSolution
		{AB661B1E-94DB-409F-B881-CDD6553CFD31}.Debug|Any CPU.ActiveCfg = Debug|Any CPU
		{AB661B1E-94DB-409F-B881-CDD6553CFD31}.Debug|Any CPU.Build.0 = Debug|Any CPU
		{AB661B1E-94DB-409F-B881-CDD6553CFD31}.Release|Any CPU.ActiveCfg = Release|Any CPU
		{AB661B1E-94DB-409F-B881-CDD6553CFD31}.Release|Any CPU.Build.0 = Release|Any CPU
		{5D4B7858-4933-4015-8765-89023089DDDC}.Debug|Any CPU.ActiveCfg = Debug|Any CPU
		{5D4B7858-4933-4015-8765-89023089DDDC}.Debug|Any CPU.Build.0 = Debug|Any CPU
		{5D4B7858-4933-4015-8765-89023089DDDC}.Release|Any CPU.ActiveCfg = Release|Any CPU
		{5D4B7858-4933-4015-8765-89023089DDDC}.Release|Any CPU.Build.0 = Release|Any CPU
	EndGlobalSection
	GlobalSection(SolutionProperties) = preSolution
		HideSolutionNode = FALSE
	EndGlobalSection
	GlobalSection(ExtensibilityGlobals) = postSolution
		SolutionGuid = {27CF723C-7E0D-4D44-8949-D23ED89D6A9E}
	EndGlobalSection
EndGlobal
